
Microsoft Visual Studio Solution File, Format Version 12.00
# Visual Studio Version 16
VisualStudioVersion = 16.0.810.21
MinimumVisualStudioVersion = 10.0.40219.1
Project("{FAE04EC0-301F-11D3-BF4B-00C04F79EFBC}") = "TritonPlayer.iOS", "TritonPlayer.iOS\TritonPlayer.iOS.csproj", "{4259FDC3-53B5-455C-9DDD-F3412DDCD6B8}"
EndProject
Project("{FAE04EC0-301F-11D3-BF4B-00C04F79EFBC}") = "TritoniOSSample", "TritoniOSSample\TritoniOSSample.csproj", "{4FDB57E7-14B2-4C6F-8882-14B02D5028BA}"
EndProject
Global
	GlobalSection(SolutionConfigurationPlatforms) = preSolution
		Debug|Any CPU = Debug|Any CPU
		Release|Any CPU = Release|Any CPU
		Debug|iPhoneSimulator = Debug|iPhoneSimulator
		Release|iPhoneSimulator = Release|iPhoneSimulator
		Debug|iPhone = Debug|iPhone
		Release|iPhone = Release|iPhone
	EndGlobalSection
	GlobalSection(ProjectConfigurationPlatforms) = postSolution
		{4259FDC3-53B5-455C-9DDD-F3412DDCD6B8}.Debug|Any CPU.ActiveCfg = Debug|Any CPU
		{4259FDC3-53B5-455C-9DDD-F3412DDCD6B8}.Debug|Any CPU.Build.0 = Debug|Any CPU
		{4259FDC3-53B5-455C-9DDD-F3412DDCD6B8}.Release|Any CPU.ActiveCfg = Release|Any CPU
		{4259FDC3-53B5-455C-9DDD-F3412DDCD6B8}.Release|Any CPU.Build.0 = Release|Any CPU
		{4259FDC3-53B5-455C-9DDD-F3412DDCD6B8}.Debug|iPhoneSimulator.ActiveCfg = Debug|Any CPU
		{4259FDC3-53B5-455C-9DDD-F3412DDCD6B8}.Debug|iPhoneSimulator.Build.0 = Debug|Any CPU
		{4259FDC3-53B5-455C-9DDD-F3412DDCD6B8}.Release|iPhoneSimulator.ActiveCfg = Release|Any CPU
		{4259FDC3-53B5-455C-9DDD-F3412DDCD6B8}.Release|iPhoneSimulator.Build.0 = Release|Any CPU
		{4259FDC3-53B5-455C-9DDD-F3412DDCD6B8}.Debug|iPhone.ActiveCfg = Debug|Any CPU
		{4259FDC3-53B5-455C-9DDD-F3412DDCD6B8}.Debug|iPhone.Build.0 = Debug|Any CPU
		{4259FDC3-53B5-455C-9DDD-F3412DDCD6B8}.Release|iPhone.ActiveCfg = Release|Any CPU
		{4259FDC3-53B5-455C-9DDD-F3412DDCD6B8}.Release|iPhone.Build.0 = Release|Any CPU
		{4FDB57E7-14B2-4C6F-8882-14B02D5028BA}.Debug|Any CPU.ActiveCfg = Debug|iPhoneSimulator
		{4FDB57E7-14B2-4C6F-8882-14B02D5028BA}.Debug|Any CPU.Build.0 = Debug|iPhoneSimulator
		{4FDB57E7-14B2-4C6F-8882-14B02D5028BA}.Release|Any CPU.ActiveCfg = Release|iPhoneSimulator
		{4FDB57E7-14B2-4C6F-8882-14B02D5028BA}.Release|Any CPU.Build.0 = Release|iPhoneSimulator
		{4FDB57E7-14B2-4C6F-8882-14B02D5028BA}.Debug|iPhoneSimulator.ActiveCfg = Debug|iPhoneSimulator
		{4FDB57E7-14B2-4C6F-8882-14B02D5028BA}.Debug|iPhoneSimulator.Build.0 = Debug|iPhoneSimulator
		{4FDB57E7-14B2-4C6F-8882-14B02D5028BA}.Release|iPhoneSimulator.ActiveCfg = Release|iPhoneSimulator
		{4FDB57E7-14B2-4C6F-8882-14B02D5028BA}.Release|iPhoneSimulator.Build.0 = Release|iPhoneSimulator
		{4FDB57E7-14B2-4C6F-8882-14B02D5028BA}.Debug|iPhone.ActiveCfg = Debug|iPhone
		{4FDB57E7-14B2-4C6F-8882-14B02D5028BA}.Debug|iPhone.Build.0 = Debug|iPhone
		{4FDB57E7-14B2-4C6F-8882-14B02D5028BA}.Release|iPhone.ActiveCfg = Release|iPhone
		{4FDB57E7-14B2-4C6F-8882-14B02D5028BA}.Release|iPhone.Build.0 = Release|iPhone
	EndGlobalSection
	GlobalSection(SolutionProperties) = preSolution
		HideSolutionNode = FALSE
	EndGlobalSection
	GlobalSection(ExtensibilityGlobals) = postSolution
		SolutionGuid = {9CC2A207-618B-4D0C-8EEF-8C967917926E}
	EndGlobalSection
	GlobalSection(MonoDevelopProperties) = preSolution
		Policies = $0
		$0.DotNetNamingPolicy = $1
		$1.DirectoryNamespaceAssociation = PrefixedHierarchical
		$0.VersionControlPolicy = $2
	EndGlobalSection
EndGlobal
